
Microsoft Visual Studio Solution File, Format Version 12.00
# Visual Studio Version 16
VisualStudioVersion = 16.0.31424.327
MinimumVisualStudioVersion = 10.0.40219.1
Project("{FAE04EC0-301F-11D3-BF4B-00C04F79EFBC}") = "2.1 15в", "2.1 15в\2.1 15в.csproj", "{F04DE5A4-22FB-47EF-BEE3-7ADC3B9B16C3}"
EndProject
Global
	GlobalSection(SolutionConfigurationPlatforms) = preSolution
		Debug|Any CPU = Debug|Any CPU
		Release|Any CPU = Release|Any CPU
	EndGlobalSection
	GlobalSection(ProjectConfigurationPlatforms) = postSolution
		{F04DE5A4-22FB-47EF-BEE3-7ADC3B9B16C3}.Debug|Any CPU.ActiveCfg = Debug|Any CPU
		{F04DE5A4-22FB-47EF-BEE3-7ADC3B9B16C3}.Debug|Any CPU.Build.0 = Debug|Any CPU
		{F04DE5A4-22FB-47EF-BEE3-7ADC3B9B16C3}.Release|Any CPU.ActiveCfg = Release|Any CPU
		{F04DE5A4-22FB-47EF-BEE3-7ADC3B9B16C3}.Release|Any CPU.Build.0 = Release|Any CPU
	EndGlobalSection
	GlobalSection(SolutionProperties) = preSolution
		HideSolutionNode = FALSE
	EndGlobalSection
	GlobalSection(ExtensibilityGlobals) = postSolution
		SolutionGuid = {D864139B-32AF-4D3F-8F9B-B8643912770C}
	EndGlobalSection
EndGlobal
